
Microsoft Visual Studio Solution File, Format Version 12.00
# Visual Studio Version 17
VisualStudioVersion = 17.13.35825.156 d17.13
MinimumVisualStudioVersion = 10.0.40219.1
Project("{FAE04EC0-301F-11D3-BF4B-00C04F79EFBC}") = "PracticeCrud", "PracticeCrud\PracticeCrud.csproj", "{89EA1811-F71D-4034-9468-8EA71E401D2F}"
EndProject
Global
	GlobalSection(SolutionConfigurationPlatforms) = preSolution
		Debug|Any CPU = Debug|Any CPU
		Release|Any CPU = Release|Any CPU
	EndGlobalSection
	GlobalSection(ProjectConfigurationPlatforms) = postSolution
		{89EA1811-F71D-4034-9468-8EA71E401D2F}.Debug|Any CPU.ActiveCfg = Debug|Any CPU
		{89EA1811-F71D-4034-9468-8EA71E401D2F}.Debug|Any CPU.Build.0 = Debug|Any CPU
		{89EA1811-F71D-4034-9468-8EA71E401D2F}.Release|Any CPU.ActiveCfg = Release|Any CPU
		{89EA1811-F71D-4034-9468-8EA71E401D2F}.Release|Any CPU.Build.0 = Release|Any CPU
	EndGlobalSection
	GlobalSection(SolutionProperties) = preSolution
		HideSolutionNode = FALSE
	EndGlobalSection
	GlobalSection(ExtensibilityGlobals) = postSolution
		SolutionGuid = {1CE994A0-DBB7-4CBB-A76B-FBF286231F0D}
	EndGlobalSection
EndGlobal
